{
  "version": 4,
  "terraform_version": "1.4.6",
  "serial": 24,
  "lineage": "1b1dfd16-20cc-c8ef-81dd-e891b246ff4c",
  "outputs": {},
  "resources": [
    {
      "mode": "managed",
      "type": "azurerm_network_interface",
      "name": "example",
      "provider": "provider[\"registry.terraform.io/hashicorp/azurerm\"]",
      "instances": [
        {
          "schema_version": 0,
          "attributes": {
            "applied_dns_servers": [],
            "dns_servers": [],
            "edge_zone": "",
            "enable_accelerated_networking": false,
            "enable_ip_forwarding": false,
            "id": "/subscriptions/4e2c17f7-6b1d-4962-8f56-7676048bcbd1/resourceGroups/example-resources/providers/Microsoft.Network/networkInterfaces/example-nic",
            "internal_dns_name_label": "",
            "internal_domain_name_suffix": "k0y3lttfjduujog3f15kfgnktd.bx.internal.cloudapp.net",
            "ip_configuration": [
              {
                "gateway_load_balancer_frontend_ip_configuration_id": "",
                "name": "internal",
                "primary": true,
                "private_ip_address": "10.0.1.4",
                "private_ip_address_allocation": "Dynamic",
                "private_ip_address_version": "IPv4",
                "public_ip_address_id": "/subscriptions/4e2c17f7-6b1d-4962-8f56-7676048bcbd1/resourceGroups/example-resources/providers/Microsoft.Network/publicIPAddresses/example-public-ip",
                "subnet_id": "/subscriptions/4e2c17f7-6b1d-4962-8f56-7676048bcbd1/resourceGroups/example-resources/providers/Microsoft.Network/virtualNetworks/example-network/subnets/example-subnet"
              }
            ],
            "location": "eastus",
            "mac_address": "60-45-BD-A7-22-B8",
            "name": "example-nic",
            "private_ip_address": "10.0.1.4",
            "private_ip_addresses": [
              "10.0.1.4"
            ],
            "resource_group_name": "example-resources",
            "tags": {},
            "timeouts": null,
            "virtual_machine_id": "/subscriptions/4e2c17f7-6b1d-4962-8f56-7676048bcbd1/resourceGroups/example-resources/providers/Microsoft.Compute/virtualMachines/example-vm"
          },
          "sensitive_attributes": [],
          "private": "eyJlMmJmYjczMC1lY2FhLTExZTYtOGY4OC0zNDM2M2JjN2M0YzAiOnsiY3JlYXRlIjoxODAwMDAwMDAwMDAwLCJkZWxldGUiOjE4MDAwMDAwMDAwMDAsInJlYWQiOjMwMDAwMDAwMDAwMCwidXBkYXRlIjoxODAwMDAwMDAwMDAwfX0=",
          "dependencies": [
            "azurerm_public_ip.example",
            "azurerm_resource_group.example",
            "azurerm_subnet.example",
            "azurerm_virtual_network.example"
          ]
        }
      ]
    },
    {
      "mode": "managed",
      "type": "azurerm_network_security_group",
      "name": "example",
      "provider": "provider[\"registry.terraform.io/hashicorp/azurerm\"]",
      "instances": [
        {
          "schema_version": 0,
          "attributes": {
            "id": "/subscriptions/4e2c17f7-6b1d-4962-8f56-7676048bcbd1/resourceGroups/example-resources/providers/Microsoft.Network/networkSecurityGroups/example-nsg",
            "location": "eastus",
            "name": "example-nsg",
            "resource_group_name": "example-resources",
            "security_rule": [
              {
                "access": "Allow",
                "description": "",
                "destination_address_prefix": "*",
                "destination_address_prefixes": [],
                "destination_application_security_group_ids": [],
                "destination_port_range": "22",
                "destination_port_ranges": [],
                "direction": "Inbound",
                "name": "SSH",
                "priority": 1001,
                "protocol": "Tcp",
                "source_address_prefix": "*",
                "source_address_prefixes": [],
                "source_application_security_group_ids": [],
                "source_port_range": "*",
                "source_port_ranges": []
              }
            ],
            "tags": {},
            "timeouts": null
          },
          "sensitive_attributes": [],
          "private": "eyJlMmJmYjczMC1lY2FhLTExZTYtOGY4OC0zNDM2M2JjN2M0YzAiOnsiY3JlYXRlIjoxODAwMDAwMDAwMDAwLCJkZWxldGUiOjE4MDAwMDAwMDAwMDAsInJlYWQiOjMwMDAwMDAwMDAwMCwidXBkYXRlIjoxODAwMDAwMDAwMDAwfX0=",
          "dependencies": [
            "azurerm_resource_group.example"
          ]
        }
      ]
    },
    {
      "mode": "managed",
      "type": "azurerm_network_security_rule",
      "name": "example",
      "provider": "provider[\"registry.terraform.io/hashicorp/azurerm\"]",
      "instances": [
        {
          "schema_version": 0,
          "attributes": {
            "access": "Allow",
            "description": "",
            "destination_address_prefix": "*",
            "destination_address_prefixes": [],
            "destination_application_security_group_ids": [],
            "destination_port_range": "22",
            "destination_port_ranges": [],
            "direction": "Inbound",
            "id": "/subscriptions/4e2c17f7-6b1d-4962-8f56-7676048bcbd1/resourceGroups/example-resources/providers/Microsoft.Network/networkSecurityGroups/example-nsg/securityRules/SSH",
            "name": "SSH",
            "network_security_group_name": "example-nsg",
            "priority": 1001,
            "protocol": "Tcp",
            "resource_group_name": "example-resources",
            "source_address_prefix": "*",
            "source_address_prefixes": [],
            "source_application_security_group_ids": [],
            "source_port_range": "*",
            "source_port_ranges": [],
            "timeouts": null
          },
          "sensitive_attributes": [],
          "private": "eyJlMmJmYjczMC1lY2FhLTExZTYtOGY4OC0zNDM2M2JjN2M0YzAiOnsiY3JlYXRlIjoxODAwMDAwMDAwMDAwLCJkZWxldGUiOjE4MDAwMDAwMDAwMDAsInJlYWQiOjMwMDAwMDAwMDAwMCwidXBkYXRlIjoxODAwMDAwMDAwMDAwfX0=",
          "dependencies": [
            "azurerm_network_security_group.example",
            "azurerm_resource_group.example"
          ]
        }
      ]
    },
    {
      "mode": "managed",
      "type": "azurerm_public_ip",
      "name": "example",
      "provider": "provider[\"registry.terraform.io/hashicorp/azurerm\"]",
      "instances": [
        {
          "schema_version": 0,
          "attributes": {
            "allocation_method": "Dynamic",
            "ddos_protection_mode": "VirtualNetworkInherited",
            "ddos_protection_plan_id": null,
            "domain_name_label": null,
            "edge_zone": "",
            "fqdn": null,
            "id": "/subscriptions/4e2c17f7-6b1d-4962-8f56-7676048bcbd1/resourceGroups/example-resources/providers/Microsoft.Network/publicIPAddresses/example-public-ip",
            "idle_timeout_in_minutes": 4,
            "ip_address": "74.235.168.213",
            "ip_tags": {},
            "ip_version": "IPv4",
            "location": "eastus",
            "name": "example-public-ip",
            "public_ip_prefix_id": null,
            "resource_group_name": "example-resources",
            "reverse_fqdn": null,
            "sku": "Basic",
            "sku_tier": "Regional",
            "tags": {},
            "timeouts": null,
            "zones": []
          },
          "sensitive_attributes": [],
          "private": "eyJlMmJmYjczMC1lY2FhLTExZTYtOGY4OC0zNDM2M2JjN2M0YzAiOnsiY3JlYXRlIjoxODAwMDAwMDAwMDAwLCJkZWxldGUiOjE4MDAwMDAwMDAwMDAsInJlYWQiOjMwMDAwMDAwMDAwMCwidXBkYXRlIjoxODAwMDAwMDAwMDAwfX0=",
          "dependencies": [
            "azurerm_resource_group.example"
          ]
        }
      ]
    },
    {
      "mode": "managed",
      "type": "azurerm_resource_group",
      "name": "example",
      "provider": "provider[\"registry.terraform.io/hashicorp/azurerm\"]",
      "instances": [
        {
          "schema_version": 0,
          "attributes": {
            "id": "/subscriptions/4e2c17f7-6b1d-4962-8f56-7676048bcbd1/resourceGroups/example-resources",
            "location": "eastus",
            "name": "example-resources",
            "tags": {},
            "timeouts": null
          },
          "sensitive_attributes": [],
          "private": "eyJlMmJmYjczMC1lY2FhLTExZTYtOGY4OC0zNDM2M2JjN2M0YzAiOnsiY3JlYXRlIjo1NDAwMDAwMDAwMDAwLCJkZWxldGUiOjU0MDAwMDAwMDAwMDAsInJlYWQiOjMwMDAwMDAwMDAwMCwidXBkYXRlIjo1NDAwMDAwMDAwMDAwfX0="
        }
      ]
    },
    {
      "mode": "managed",
      "type": "azurerm_storage_account",
      "name": "example",
      "provider": "provider[\"registry.terraform.io/hashicorp/azurerm\"]",
      "instances": [
        {
          "schema_version": 3,
          "attributes": {
            "access_tier": "Hot",
            "account_kind": "StorageV2",
            "account_replication_type": "LRS",
            "account_tier": "Standard",
            "allow_nested_items_to_be_public": true,
            "allowed_copy_scope": "",
            "azure_files_authentication": [],
            "blob_properties": [
              {
                "change_feed_enabled": false,
                "change_feed_retention_in_days": 0,
                "container_delete_retention_policy": [],
                "cors_rule": [],
                "default_service_version": "",
                "delete_retention_policy": [],
                "last_access_time_enabled": false,
                "restore_policy": [],
                "versioning_enabled": false
              }
            ],
            "cross_tenant_replication_enabled": true,
            "custom_domain": [],
            "customer_managed_key": [],
            "default_to_oauth_authentication": false,
            "edge_zone": "",
            "enable_https_traffic_only": true,
            "id": "/subscriptions/4e2c17f7-6b1d-4962-8f56-7676048bcbd1/resourceGroups/example-resources/providers/Microsoft.Storage/storageAccounts/samplecloudfoodprint",
            "identity": [],
            "immutability_policy": [],
            "infrastructure_encryption_enabled": false,
            "is_hns_enabled": false,
            "large_file_share_enabled": null,
            "location": "eastus",
            "min_tls_version": "TLS1_2",
            "name": "samplecloudfoodprint",
            "network_rules": [
              {
                "bypass": [
                  "AzureServices"
                ],
                "default_action": "Allow",
                "ip_rules": [],
                "private_link_access": [],
                "virtual_network_subnet_ids": []
              }
            ],
            "nfsv3_enabled": false,
            "primary_access_key": "KA/s/UYp8ejBYtwzfAVg3/nCF8x5mkRj4L3x/3Qgs7BeIcJ9zqM/w9Ma4zo3G1TTARh3YdsCpaN3+ASt92IGgw==",
            "primary_blob_connection_string": "DefaultEndpointsProtocol=https;BlobEndpoint=https://samplecloudfoodprint.blob.core.windows.net/;AccountName=samplecloudfoodprint;AccountKey=KA/s/UYp8ejBYtwzfAVg3/nCF8x5mkRj4L3x/3Qgs7BeIcJ9zqM/w9Ma4zo3G1TTARh3YdsCpaN3+ASt92IGgw==",
            "primary_blob_endpoint": "https://samplecloudfoodprint.blob.core.windows.net/",
            "primary_blob_host": "samplecloudfoodprint.blob.core.windows.net",
            "primary_connection_string": "DefaultEndpointsProtocol=https;AccountName=samplecloudfoodprint;AccountKey=KA/s/UYp8ejBYtwzfAVg3/nCF8x5mkRj4L3x/3Qgs7BeIcJ9zqM/w9Ma4zo3G1TTARh3YdsCpaN3+ASt92IGgw==;EndpointSuffix=core.windows.net",
            "primary_dfs_endpoint": "https://samplecloudfoodprint.dfs.core.windows.net/",
            "primary_dfs_host": "samplecloudfoodprint.dfs.core.windows.net",
            "primary_file_endpoint": "https://samplecloudfoodprint.file.core.windows.net/",
            "primary_file_host": "samplecloudfoodprint.file.core.windows.net",
            "primary_location": "eastus",
            "primary_queue_endpoint": "https://samplecloudfoodprint.queue.core.windows.net/",
            "primary_queue_host": "samplecloudfoodprint.queue.core.windows.net",
            "primary_table_endpoint": "https://samplecloudfoodprint.table.core.windows.net/",
            "primary_table_host": "samplecloudfoodprint.table.core.windows.net",
            "primary_web_endpoint": "https://samplecloudfoodprint.z13.web.core.windows.net/",
            "primary_web_host": "samplecloudfoodprint.z13.web.core.windows.net",
            "public_network_access_enabled": true,
            "queue_encryption_key_type": "Service",
            "queue_properties": [
              {
                "cors_rule": [],
                "hour_metrics": [
                  {
                    "enabled": true,
                    "include_apis": true,
                    "retention_policy_days": 7,
                    "version": "1.0"
                  }
                ],
                "logging": [
                  {
                    "delete": false,
                    "read": false,
                    "retention_policy_days": 0,
                    "version": "1.0",
                    "write": false
                  }
                ],
                "minute_metrics": [
                  {
                    "enabled": false,
                    "include_apis": false,
                    "retention_policy_days": 0,
                    "version": "1.0"
                  }
                ]
              }
            ],
            "resource_group_name": "example-resources",
            "routing": [],
            "sas_policy": [],
            "secondary_access_key": "migRkGeikVdYq0XuPv0hnEYNZivHwBnE4mGJJf5yPTv8BOT02dQ39gvqc10nKL4jQuIq/Ex7Zk8C+AStsegOeQ==",
            "secondary_blob_connection_string": "",
            "secondary_blob_endpoint": null,
            "secondary_blob_host": null,
            "secondary_connection_string": "DefaultEndpointsProtocol=https;AccountName=samplecloudfoodprint;AccountKey=migRkGeikVdYq0XuPv0hnEYNZivHwBnE4mGJJf5yPTv8BOT02dQ39gvqc10nKL4jQuIq/Ex7Zk8C+AStsegOeQ==;EndpointSuffix=core.windows.net",
            "secondary_dfs_endpoint": null,
            "secondary_dfs_host": null,
            "secondary_file_endpoint": null,
            "secondary_file_host": null,
            "secondary_location": "",
            "secondary_queue_endpoint": null,
            "secondary_queue_host": null,
            "secondary_table_endpoint": null,
            "secondary_table_host": null,
            "secondary_web_endpoint": null,
            "secondary_web_host": null,
            "sftp_enabled": false,
            "share_properties": [
              {
                "cors_rule": [],
                "retention_policy": [
                  {
                    "days": 7
                  }
                ],
                "smb": []
              }
            ],
            "shared_access_key_enabled": true,
            "static_website": [],
            "table_encryption_key_type": "Service",
            "tags": {},
            "timeouts": null
          },
          "sensitive_attributes": [],
          "private": "eyJlMmJmYjczMC1lY2FhLTExZTYtOGY4OC0zNDM2M2JjN2M0YzAiOnsiY3JlYXRlIjozNjAwMDAwMDAwMDAwLCJkZWxldGUiOjM2MDAwMDAwMDAwMDAsInJlYWQiOjMwMDAwMDAwMDAwMCwidXBkYXRlIjozNjAwMDAwMDAwMDAwfSwic2NoZW1hX3ZlcnNpb24iOiIzIn0=",
          "dependencies": [
            "azurerm_resource_group.example"
          ]
        }
      ]
    },
    {
      "mode": "managed",
      "type": "azurerm_storage_container",
      "name": "example",
      "provider": "provider[\"registry.terraform.io/hashicorp/azurerm\"]",
      "instances": [
        {
          "schema_version": 1,
          "attributes": {
            "container_access_type": "private",
            "has_immutability_policy": false,
            "has_legal_hold": false,
            "id": "https://samplecloudfoodprint.blob.core.windows.net/example-storage-container",
            "metadata": {},
            "name": "example-storage-container",
            "resource_manager_id": "/subscriptions/4e2c17f7-6b1d-4962-8f56-7676048bcbd1/resourceGroups/example-resources/providers/Microsoft.Storage/storageAccounts/samplecloudfoodprint/blobServices/default/containers/example-storage-container",
            "storage_account_name": "samplecloudfoodprint",
            "timeouts": null
          },
          "sensitive_attributes": [],
          "private": "eyJlMmJmYjczMC1lY2FhLTExZTYtOGY4OC0zNDM2M2JjN2M0YzAiOnsiY3JlYXRlIjoxODAwMDAwMDAwMDAwLCJkZWxldGUiOjE4MDAwMDAwMDAwMDAsInJlYWQiOjMwMDAwMDAwMDAwMCwidXBkYXRlIjoxODAwMDAwMDAwMDAwfSwic2NoZW1hX3ZlcnNpb24iOiIxIn0=",
          "dependencies": [
            "azurerm_resource_group.example",
            "azurerm_storage_account.example"
          ]
        }
      ]
    },
    {
      "mode": "managed",
      "type": "azurerm_storage_container",
      "name": "read_container",
      "provider": "provider[\"registry.terraform.io/hashicorp/azurerm\"]",
      "instances": [
        {
          "schema_version": 1,
          "attributes": {
            "container_access_type": "private",
            "has_immutability_policy": false,
            "has_legal_hold": false,
            "id": "https://samplecloudfoodprint.blob.core.windows.net/example-read-container",
            "metadata": {},
            "name": "example-read-container",
            "resource_manager_id": "/subscriptions/4e2c17f7-6b1d-4962-8f56-7676048bcbd1/resourceGroups/example-resources/providers/Microsoft.Storage/storageAccounts/samplecloudfoodprint/blobServices/default/containers/example-read-container",
            "storage_account_name": "samplecloudfoodprint",
            "timeouts": null
          },
          "sensitive_attributes": [],
          "private": "eyJlMmJmYjczMC1lY2FhLTExZTYtOGY4OC0zNDM2M2JjN2M0YzAiOnsiY3JlYXRlIjoxODAwMDAwMDAwMDAwLCJkZWxldGUiOjE4MDAwMDAwMDAwMDAsInJlYWQiOjMwMDAwMDAwMDAwMCwidXBkYXRlIjoxODAwMDAwMDAwMDAwfSwic2NoZW1hX3ZlcnNpb24iOiIxIn0=",
          "dependencies": [
            "azurerm_storage_account.example"
          ]
        }
      ]
    },
    {
      "mode": "managed",
      "type": "azurerm_storage_container",
      "name": "write_container",
      "provider": "provider[\"registry.terraform.io/hashicorp/azurerm\"]",
      "instances": [
        {
          "schema_version": 1,
          "attributes": {
            "container_access_type": "private",
            "has_immutability_policy": false,
            "has_legal_hold": false,
            "id": "https://samplecloudfoodprint.blob.core.windows.net/example-write-container",
            "metadata": {},
            "name": "example-write-container",
            "resource_manager_id": "/subscriptions/4e2c17f7-6b1d-4962-8f56-7676048bcbd1/resourceGroups/example-resources/providers/Microsoft.Storage/storageAccounts/samplecloudfoodprint/blobServices/default/containers/example-write-container",
            "storage_account_name": "samplecloudfoodprint",
            "timeouts": null
          },
          "sensitive_attributes": [],
          "private": "eyJlMmJmYjczMC1lY2FhLTExZTYtOGY4OC0zNDM2M2JjN2M0YzAiOnsiY3JlYXRlIjoxODAwMDAwMDAwMDAwLCJkZWxldGUiOjE4MDAwMDAwMDAwMDAsInJlYWQiOjMwMDAwMDAwMDAwMCwidXBkYXRlIjoxODAwMDAwMDAwMDAwfSwic2NoZW1hX3ZlcnNpb24iOiIxIn0=",
          "dependencies": [
            "azurerm_storage_account.example"
          ]
        }
      ]
    },
    {
      "mode": "managed",
      "type": "azurerm_subnet",
      "name": "example",
      "provider": "provider[\"registry.terraform.io/hashicorp/azurerm\"]",
      "instances": [
        {
          "schema_version": 0,
          "attributes": {
            "address_prefixes": [
              "10.0.1.0/24"
            ],
            "delegation": [],
            "enforce_private_link_endpoint_network_policies": false,
            "enforce_private_link_service_network_policies": false,
            "id": "/subscriptions/4e2c17f7-6b1d-4962-8f56-7676048bcbd1/resourceGroups/example-resources/providers/Microsoft.Network/virtualNetworks/example-network/subnets/example-subnet",
            "name": "example-subnet",
            "private_endpoint_network_policies_enabled": true,
            "private_link_service_network_policies_enabled": true,
            "resource_group_name": "example-resources",
            "service_endpoint_policy_ids": [],
            "service_endpoints": [],
            "timeouts": null,
            "virtual_network_name": "example-network"
          },
          "sensitive_attributes": [],
          "private": "eyJlMmJmYjczMC1lY2FhLTExZTYtOGY4OC0zNDM2M2JjN2M0YzAiOnsiY3JlYXRlIjoxODAwMDAwMDAwMDAwLCJkZWxldGUiOjE4MDAwMDAwMDAwMDAsInJlYWQiOjMwMDAwMDAwMDAwMCwidXBkYXRlIjoxODAwMDAwMDAwMDAwfX0=",
          "dependencies": [
            "azurerm_resource_group.example",
            "azurerm_virtual_network.example"
          ]
        }
      ]
    },
    {
      "mode": "managed",
      "type": "azurerm_subnet_network_security_group_association",
      "name": "example",
      "provider": "provider[\"registry.terraform.io/hashicorp/azurerm\"]",
      "instances": [
        {
          "schema_version": 0,
          "attributes": {
            "id": "/subscriptions/4e2c17f7-6b1d-4962-8f56-7676048bcbd1/resourceGroups/example-resources/providers/Microsoft.Network/virtualNetworks/example-network/subnets/example-subnet",
            "network_security_group_id": "/subscriptions/4e2c17f7-6b1d-4962-8f56-7676048bcbd1/resourceGroups/example-resources/providers/Microsoft.Network/networkSecurityGroups/example-nsg",
            "subnet_id": "/subscriptions/4e2c17f7-6b1d-4962-8f56-7676048bcbd1/resourceGroups/example-resources/providers/Microsoft.Network/virtualNetworks/example-network/subnets/example-subnet",
            "timeouts": null
          },
          "sensitive_attributes": [],
          "private": "eyJlMmJmYjczMC1lY2FhLTExZTYtOGY4OC0zNDM2M2JjN2M0YzAiOnsiY3JlYXRlIjoxODAwMDAwMDAwMDAwLCJkZWxldGUiOjE4MDAwMDAwMDAwMDAsInJlYWQiOjMwMDAwMDAwMDAwMCwidXBkYXRlIjoxODAwMDAwMDAwMDAwfX0=",
          "dependencies": [
            "azurerm_network_security_group.example",
            "azurerm_resource_group.example",
            "azurerm_subnet.example",
            "azurerm_virtual_network.example"
          ]
        }
      ]
    },
    {
      "mode": "managed",
      "type": "azurerm_virtual_machine",
      "name": "example",
      "provider": "provider[\"registry.terraform.io/hashicorp/azurerm\"]",
      "instances": [
        {
          "schema_version": 0,
          "attributes": {
            "additional_capabilities": [],
            "availability_set_id": null,
            "boot_diagnostics": [
              {
                "enabled": true,
                "storage_uri": "https://samplecloudfoodprint.blob.core.windows.net/"
              }
            ],
            "delete_data_disks_on_termination": false,
            "delete_os_disk_on_termination": false,
            "id": "/subscriptions/4e2c17f7-6b1d-4962-8f56-7676048bcbd1/resourceGroups/example-resources/providers/Microsoft.Compute/virtualMachines/example-vm",
            "identity": [],
            "license_type": null,
            "location": "eastus",
            "name": "example-vm",
            "network_interface_ids": [
              "/subscriptions/4e2c17f7-6b1d-4962-8f56-7676048bcbd1/resourceGroups/example-resources/providers/Microsoft.Network/networkInterfaces/example-nic"
            ],
            "os_profile": [
              {
                "admin_password": "",
                "admin_username": "adminuser",
                "computer_name": "example-vm",
                "custom_data": ""
              }
            ],
            "os_profile_linux_config": [
              {
                "disable_password_authentication": false,
                "ssh_keys": []
              }
            ],
            "os_profile_secrets": [],
            "os_profile_windows_config": [],
            "plan": [],
            "primary_network_interface_id": null,
            "proximity_placement_group_id": null,
            "resource_group_name": "example-resources",
            "storage_data_disk": [],
            "storage_image_reference": [
              {
                "id": "",
                "offer": "UbuntuServer",
                "publisher": "Canonical",
                "sku": "18.04-LTS",
                "version": "latest"
              }
            ],
            "storage_os_disk": [
              {
                "caching": "ReadWrite",
                "create_option": "FromImage",
                "disk_size_gb": 30,
                "image_uri": "",
                "managed_disk_id": "/subscriptions/4e2c17f7-6b1d-4962-8f56-7676048bcbd1/resourceGroups/example-resources/providers/Microsoft.Compute/disks/osdisk-example",
                "managed_disk_type": "Standard_LRS",
                "name": "osdisk-example",
                "os_type": "Linux",
                "vhd_uri": "",
                "write_accelerator_enabled": false
              }
            ],
            "tags": {},
            "timeouts": null,
            "vm_size": "Standard_DS1_v2",
            "zones": []
          },
          "sensitive_attributes": [],
          "private": "eyJlMmJmYjczMC1lY2FhLTExZTYtOGY4OC0zNDM2M2JjN2M0YzAiOnsiY3JlYXRlIjozNjAwMDAwMDAwMDAwLCJkZWxldGUiOjM2MDAwMDAwMDAwMDAsInJlYWQiOjMwMDAwMDAwMDAwMCwidXBkYXRlIjozNjAwMDAwMDAwMDAwfX0=",
          "dependencies": [
            "azurerm_network_interface.example",
            "azurerm_public_ip.example",
            "azurerm_resource_group.example",
            "azurerm_storage_account.example",
            "azurerm_subnet.example",
            "azurerm_virtual_network.example"
          ]
        }
      ]
    },
    {
      "mode": "managed",
      "type": "azurerm_virtual_network",
      "name": "example",
      "provider": "provider[\"registry.terraform.io/hashicorp/azurerm\"]",
      "instances": [
        {
          "schema_version": 0,
          "attributes": {
            "address_space": [
              "10.0.0.0/16"
            ],
            "bgp_community": "",
            "ddos_protection_plan": [],
            "dns_servers": [],
            "edge_zone": "",
            "flow_timeout_in_minutes": 0,
            "guid": "ced5b156-4865-44e9-b8dd-2efea299aa9b",
            "id": "/subscriptions/4e2c17f7-6b1d-4962-8f56-7676048bcbd1/resourceGroups/example-resources/providers/Microsoft.Network/virtualNetworks/example-network",
            "location": "eastus",
            "name": "example-network",
            "resource_group_name": "example-resources",
            "subnet": [
              {
                "address_prefix": "10.0.1.0/24",
                "id": "/subscriptions/4e2c17f7-6b1d-4962-8f56-7676048bcbd1/resourceGroups/example-resources/providers/Microsoft.Network/virtualNetworks/example-network/subnets/example-subnet",
                "name": "example-subnet",
                "security_group": "/subscriptions/4e2c17f7-6b1d-4962-8f56-7676048bcbd1/resourceGroups/example-resources/providers/Microsoft.Network/networkSecurityGroups/example-nsg"
              }
            ],
            "tags": {},
            "timeouts": null
          },
          "sensitive_attributes": [],
          "private": "eyJlMmJmYjczMC1lY2FhLTExZTYtOGY4OC0zNDM2M2JjN2M0YzAiOnsiY3JlYXRlIjoxODAwMDAwMDAwMDAwLCJkZWxldGUiOjE4MDAwMDAwMDAwMDAsInJlYWQiOjMwMDAwMDAwMDAwMCwidXBkYXRlIjoxODAwMDAwMDAwMDAwfX0=",
          "dependencies": [
            "azurerm_resource_group.example"
          ]
        }
      ]
    }
  ],
  "check_results": null
}
